// !$*UTF8*$!
{
	archiveVersion = 1;
	classes = {
	};
	objectVersion = 50;
	objects = {

/* Begin PBXBuildFile section */
		63E5E9012646C3600039BCBE /* Tests_iOS.swift in Sources */ = {isa = PBXBuildFile; fileRef = 63E5E9002646C3600039BCBE /* Tests_iOS.swift */; };
		63E5E90C2646C3600039BCBE /* Tests_macOS.swift in Sources */ = {isa = PBXBuildFile; fileRef = 63E5E90B2646C3600039BCBE /* Tests_macOS.swift */; };
		63E5E90E2646C3600039BCBE /* DrillyApp.swift in Sources */ = {isa = PBXBuildFile; fileRef = 63E5E8E52646C35F0039BCBE /* DrillyApp.swift */; };
		63E5E90F2646C3600039BCBE /* DrillyApp.swift in Sources */ = {isa = PBXBuildFile; fileRef = 63E5E8E52646C35F0039BCBE /* DrillyApp.swift */; };
		63E5E9102646C3600039BCBE /* ContentView.swift in Sources */ = {isa = PBXBuildFile; fileRef = 63E5E8E62646C35F0039BCBE /* ContentView.swift */; };
		63E5E9112646C3600039BCBE /* ContentView.swift in Sources */ = {isa = PBXBuildFile; fileRef = 63E5E8E62646C35F0039BCBE /* ContentView.swift */; };
		63E5E9122646C3600039BCBE /* Assets.xcassets in Resources */ = {isa = PBXBuildFile; fileRef = 63E5E8E72646C35F0039BCBE /* Assets.xcassets */; };
		63E5E9132646C3600039BCBE /* Assets.xcassets in Resources */ = {isa = PBXBuildFile; fileRef = 63E5E8E72646C35F0039BCBE /* Assets.xcassets */; };
/* End PBXBuildFile section */

/* Begin PBXContainerItemProxy section */
		63E5E8FD2646C35F0039BCBE /* PBXContainerItemProxy */ = {
			isa = PBXContainerItemProxy;
			containerPortal = 63E5E8E02646C35F0039BCBE /* Project object */;
			proxyType = 1;
			remoteGlobalIDString = 63E5E8EB2646C35F0039BCBE;
			remoteInfo = "Drilly (iOS)";
		};
		63E5E9082646C3600039BCBE /* PBXContainerItemProxy */ = {
			isa = PBXContainerItemProxy;
			containerPortal = 63E5E8E02646C35F0039BCBE /* Project object */;
			proxyType = 1;
			remoteGlobalIDString = 63E5E8F32646C35F0039BCBE;
			remoteInfo = "Drilly (macOS)";
		};
/* End PBXContainerItemProxy section */

/* Begin PBXFileReference section */
		63E5E8E52646C35F0039BCBE /* DrillyApp.swift */ = {isa = PBXFileReference; lastKnownFileType = sourcecode.swift; path = DrillyApp.swift; sourceTree = "<group>"; };
		63E5E8E62646C35F0039BCBE /* ContentView.swift */ = {isa = PBXFileReference; lastKnownFileType = sourcecode.swift; path = ContentView.swift; sourceTree = "<group>"; };
		63E5E8E72646C35F0039BCBE /* Assets.xcassets */ = {isa = PBXFileReference; lastKnownFileType = folder.assetcatalog; path = Assets.xcassets; sourceTree = "<group>"; };
		63E5E8EC2646C35F0039BCBE /* Drilly.app */ = {isa = PBXFileReference; explicitFileType = wrapper.application; includeInIndex = 0; path = Drilly.app; sourceTree = BUILT_PRODUCTS_DIR; };
		63E5E8EF2646C35F0039BCBE /* Info.plist */ = {isa = PBXFileReference; lastKnownFileType = text.plist.xml; path = Info.plist; sourceTree = "<group>"; };
		63E5E8F42646C35F0039BCBE /* Drilly.app */ = {isa = PBXFileReference; explicitFileType = wrapper.application; includeInIndex = 0; path = Drilly.app; sourceTree = BUILT_PRODUCTS_DIR; };
		63E5E8F62646C35F0039BCBE /* Info.plist */ = {isa = PBXFileReference; lastKnownFileType = text.plist.xml; path = Info.plist; sourceTree = "<group>"; };
		63E5E8F72646C35F0039BCBE /* macOS.entitlements */ = {isa = PBXFileReference; lastKnownFileType = text.plist.entitlements; path = macOS.entitlements; sourceTree = "<group>"; };
		63E5E8FC2646C35F0039BCBE /* Tests iOS.xctest */ = {isa = PBXFileReference; explicitFileType = wrapper.cfbundle; includeInIndex = 0; path = "Tests iOS.xctest"; sourceTree = BUILT_PRODUCTS_DIR; };
		63E5E9002646C3600039BCBE /* Tests_iOS.swift */ = {isa = PBXFileReference; lastKnownFileType = sourcecode.swift; path = Tests_iOS.swift; sourceTree = "<group>"; };
		63E5E9022646C3600039BCBE /* Info.plist */ = {isa = PBXFileReference; lastKnownFileType = text.plist.xml; path = Info.plist; sourceTree = "<group>"; };
		63E5E9072646C3600039BCBE /* Tests macOS.xctest */ = {isa = PBXFileReference; explicitFileType = wrapper.cfbundle; includeInIndex = 0; path = "Tests macOS.xctest"; sourceTree = BUILT_PRODUCTS_DIR; };
		63E5E90B2646C3600039BCBE /* Tests_macOS.swift */ = {isa = PBXFileReference; lastKnownFileType = sourcecode.swift; path = Tests_macOS.swift; sourceTree = "<group>"; };
		63E5E90D2646C3600039BCBE /* Info.plist */ = {isa = PBXFileReference; lastKnownFileType = text.plist.xml; path = Info.plist; sourceTree = "<group>"; };
/* End PBXFileReference section */

/* Begin PBXFrameworksBuildPhase section */
		63E5E8E92646C35F0039BCBE /* Frameworks */ = {
			isa = PBXFrameworksBuildPhase;
			buildActionMask = 2147483647;
			files = (
			);
			runOnlyForDeploymentPostprocessing = 0;
		};
		63E5E8F12646C35F0039BCBE /* Frameworks */ = {
			isa = PBXFrameworksBuildPhase;
			buildActionMask = 2147483647;
			files = (
			);
			runOnlyForDeploymentPostprocessing = 0;
		};
		63E5E8F92646C35F0039BCBE /* Frameworks */ = {
			isa = PBXFrameworksBuildPhase;
			buildActionMask = 2147483647;
			files = (
			);
			runOnlyForDeploymentPostprocessing = 0;
		};
		63E5E9042646C3600039BCBE /* Frameworks */ = {
			isa = PBXFrameworksBuildPhase;
			buildActionMask = 2147483647;
			files = (
			);
			runOnlyForDeploymentPostprocessing = 0;
		};
/* End PBXFrameworksBuildPhase section */

/* Begin PBXGroup section */
		63E5E8DF2646C35F0039BCBE = {
			isa = PBXGroup;
			children = (
				63E5E8E42646C35F0039BCBE /* Shared */,
				63E5E8EE2646C35F0039BCBE /* iOS */,
				63E5E8F52646C35F0039BCBE /* macOS */,
				63E5E8FF2646C35F0039BCBE /* Tests iOS */,
				63E5E90A2646C3600039BCBE /* Tests macOS */,
				63E5E8ED2646C35F0039BCBE /* Products */,
			);
			sourceTree = "<group>";
		};
		63E5E8E42646C35F0039BCBE /* Shared */ = {
			isa = PBXGroup;
			children = (
				63E5E8E52646C35F0039BCBE /* DrillyApp.swift */,
				63E5E8E62646C35F0039BCBE /* ContentView.swift */,
				63E5E8E72646C35F0039BCBE /* Assets.xcassets */,
			);
			path = Shared;
			sourceTree = "<group>";
		};
		63E5E8ED2646C35F0039BCBE /* Products */ = {
			isa = PBXGroup;
			children = (
				63E5E8EC2646C35F0039BCBE /* Drilly.app */,
				63E5E8F42646C35F0039BCBE /* Drilly.app */,
				63E5E8FC2646C35F0039BCBE /* Tests iOS.xctest */,
				63E5E9072646C3600039BCBE /* Tests macOS.xctest */,
			);
			name = Products;
			sourceTree = "<group>";
		};
		63E5E8EE2646C35F0039BCBE /* iOS */ = {
			isa = PBXGroup;
			children = (
				63E5E8EF2646C35F0039BCBE /* Info.plist */,
			);
			path = iOS;
			sourceTree = "<group>";
		};
		63E5E8F52646C35F0039BCBE /* macOS */ = {
			isa = PBXGroup;
			children = (
				63E5E8F62646C35F0039BCBE /* Info.plist */,
				63E5E8F72646C35F0039BCBE /* macOS.entitlements */,
			);
			path = macOS;
			sourceTree = "<group>";
		};
		63E5E8FF2646C35F0039BCBE /* Tests iOS */ = {
			isa = PBXGroup;
			children = (
				63E5E9002646C3600039BCBE /* Tests_iOS.swift */,
				63E5E9022646C3600039BCBE /* Info.plist */,
			);
			path = "Tests iOS";
			sourceTree = "<group>";
		};
		63E5E90A2646C3600039BCBE /* Tests macOS */ = {
			isa = PBXGroup;
			children = (
				63E5E90B2646C3600039BCBE /* Tests_macOS.swift */,
				63E5E90D2646C3600039BCBE /* Info.plist */,
			);
			path = "Tests macOS";
			sourceTree = "<group>";
		};
/* End PBXGroup section */

/* Begin PBXNativeTarget section */
		63E5E8EB2646C35F0039BCBE /* Drilly (iOS) */ = {
			isa = PBXNativeTarget;
			buildConfigurationList = 63E5E9162646C3600039BCBE /* Build configuration list for PBXNativeTarget "Drilly (iOS)" */;
			buildPhases = (
				63E5E8E82646C35F0039BCBE /* Sources */,
				63E5E8E92646C35F0039BCBE /* Frameworks */,
				63E5E8EA2646C35F0039BCBE /* Resources */,
			);
			buildRules = (
			);
			dependencies = (
			);
			name = "Drilly (iOS)";
			productName = "Drilly (iOS)";
			productReference = 63E5E8EC2646C35F0039BCBE /* Drilly.app */;
			productType = "com.apple.product-type.application";
		};
		63E5E8F32646C35F0039BCBE /* Drilly (macOS) */ = {
			isa = PBXNativeTarget;
			buildConfigurationList = 63E5E9192646C3600039BCBE /* Build configuration list for PBXNativeTarget "Drilly (macOS)" */;
			buildPhases = (
				63E5E8F02646C35F0039BCBE /* Sources */,
				63E5E8F12646C35F0039BCBE /* Frameworks */,
				63E5E8F22646C35F0039BCBE /* Resources */,
			);
			buildRules = (
			);
			dependencies = (
			);
			name = "Drilly (macOS)";
			productName = "Drilly (macOS)";
			productReference = 63E5E8F42646C35F0039BCBE /* Drilly.app */;
			productType = "com.apple.product-type.application";
		};
		63E5E8FB2646C35F0039BCBE /* Tests iOS */ = {
			isa = PBXNativeTarget;
			buildConfigurationList = 63E5E91C2646C3600039BCBE /* Build configuration list for PBXNativeTarget "Tests iOS" */;
			buildPhases = (
				63E5E8F82646C35F0039BCBE /* Sources */,
				63E5E8F92646C35F0039BCBE /* Frameworks */,
				63E5E8FA2646C35F0039BCBE /* Resources */,
			);
			buildRules = (
			);
			dependencies = (
				63E5E8FE2646C35F0039BCBE /* PBXTargetDependency */,
			);
			name = "Tests iOS";
			productName = "Tests iOS";
			productReference = 63E5E8FC2646C35F0039BCBE /* Tests iOS.xctest */;
			productType = "com.apple.product-type.bundle.ui-testing";
		};
		63E5E9062646C3600039BCBE /* Tests macOS */ = {
			isa = PBXNativeTarget;
			buildConfigurationList = 63E5E91F2646C3600039BCBE /* Build configuration list for PBXNativeTarget "Tests macOS" */;
			buildPhases = (
				63E5E9032646C3600039BCBE /* Sources */,
				63E5E9042646C3600039BCBE /* Frameworks */,
				63E5E9052646C3600039BCBE /* Resources */,
			);
			buildRules = (
			);
			dependencies = (
				63E5E9092646C3600039BCBE /* PBXTargetDependency */,
			);
			name = "Tests macOS";
			productName = "Tests macOS";
			productReference = 63E5E9072646C3600039BCBE /* Tests macOS.xctest */;
			productType = "com.apple.product-type.bundle.ui-testing";
		};
/* End PBXNativeTarget section */

/* Begin PBXProject section */
		63E5E8E02646C35F0039BCBE /* Project object */ = {
			isa = PBXProject;
			attributes = {
				LastSwiftUpdateCheck = 1250;
				LastUpgradeCheck = 1250;
				TargetAttributes = {
					63E5E8EB2646C35F0039BCBE = {
						CreatedOnToolsVersion = 12.5;
					};
					63E5E8F32646C35F0039BCBE = {
						CreatedOnToolsVersion = 12.5;
					};
					63E5E8FB2646C35F0039BCBE = {
						CreatedOnToolsVersion = 12.5;
						TestTargetID = 63E5E8EB2646C35F0039BCBE;
					};
					63E5E9062646C3600039BCBE = {
						CreatedOnToolsVersion = 12.5;
						TestTargetID = 63E5E8F32646C35F0039BCBE;
					};
				};
			};
			buildConfigurationList = 63E5E8E32646C35F0039BCBE /* Build configuration list for PBXProject "Drilly" */;
			compatibilityVersion = "Xcode 9.3";
			developmentRegion = en;
			hasScannedForEncodings = 0;
			knownRegions = (
				en,
				Base,
			);
			mainGroup = 63E5E8DF2646C35F0039BCBE;
			productRefGroup = 63E5E8ED2646C35F0039BCBE /* Products */;
			projectDirPath = "";
			projectRoot = "";
			targets = (
				63E5E8EB2646C35F0039BCBE /* Drilly (iOS) */,
				63E5E8F32646C35F0039BCBE /* Drilly (macOS) */,
				63E5E8FB2646C35F0039BCBE /* Tests iOS */,
				63E5E9062646C3600039BCBE /* Tests macOS */,
			);
		};
/* End PBXProject section */

/* Begin PBXResourcesBuildPhase section */
		63E5E8EA2646C35F0039BCBE /* Resources */ = {
			isa = PBXResourcesBuildPhase;
			buildActionMask = 2147483647;
			files = (
				63E5E9122646C3600039BCBE /* Assets.xcassets in Resources */,
			);
			runOnlyForDeploymentPostprocessing = 0;
		};
		63E5E8F22646C35F0039BCBE /* Resources */ = {
			isa = PBXResourcesBuildPhase;
			buildActionMask = 2147483647;
			files = (
				63E5E9132646C3600039BCBE /* Assets.xcassets in Resources */,
			);
			runOnlyForDeploymentPostprocessing = 0;
		};
		63E5E8FA2646C35F0039BCBE /* Resources */ = {
			isa = PBXResourcesBuildPhase;
			buildActionMask = 2147483647;
			files = (
			);
			runOnlyForDeploymentPostprocessing = 0;
		};
		63E5E9052646C3600039BCBE /* Resources */ = {
			isa = PBXResourcesBuildPhase;
			buildActionMask = 2147483647;
			files = (
			);
			runOnlyForDeploymentPostprocessing = 0;
		};
/* End PBXResourcesBuildPhase section */

/* Begin PBXSourcesBuildPhase section */
		63E5E8E82646C35F0039BCBE /* Sources */ = {
			isa = PBXSourcesBuildPhase;
			buildActionMask = 2147483647;
			files = (
				63E5E9102646C3600039BCBE /* ContentView.swift in Sources */,
				63E5E90E2646C3600039BCBE /* DrillyApp.swift in Sources */,
			);
			runOnlyForDeploymentPostprocessing = 0;
		};
		63E5E8F02646C35F0039BCBE /* Sources */ = {
			isa = PBXSourcesBuildPhase;
			buildActionMask = 2147483647;
			files = (
				63E5E9112646C3600039BCBE /* ContentView.swift in Sources */,
				63E5E90F2646C3600039BCBE /* DrillyApp.swift in Sources */,
			);
			runOnlyForDeploymentPostprocessing = 0;
		};
		63E5E8F82646C35F0039BCBE /* Sources */ = {
			isa = PBXSourcesBuildPhase;
			buildActionMask = 2147483647;
			files = (
				63E5E9012646C3600039BCBE /* Tests_iOS.swift in Sources */,
			);
			runOnlyForDeploymentPostprocessing = 0;
		};
		63E5E9032646C3600039BCBE /* Sources */ = {
			isa = PBXSourcesBuildPhase;
			buildActionMask = 2147483647;
			files = (
				63E5E90C2646C3600039BCBE /* Tests_macOS.swift in Sources */,
			);
			runOnlyForDeploymentPostprocessing = 0;
		};
/* End PBXSourcesBuildPhase section */

/* Begin PBXTargetDependency section */
		63E5E8FE2646C35F0039BCBE /* PBXTargetDependency */ = {
			isa = PBXTargetDependency;
			target = 63E5E8EB2646C35F0039BCBE /* Drilly (iOS) */;
			targetProxy = 63E5E8FD2646C35F0039BCBE /* PBXContainerItemProxy */;
		};
		63E5E9092646C3600039BCBE /* PBXTargetDependency */ = {
			isa = PBXTargetDependency;
			target = 63E5E8F32646C35F0039BCBE /* Drilly (macOS) */;
			targetProxy = 63E5E9082646C3600039BCBE /* PBXContainerItemProxy */;
		};
/* End PBXTargetDependency section */

/* Begin XCBuildConfiguration section */
		63E5E9142646C3600039BCBE /* Debug */ = {
			isa = XCBuildConfiguration;
			buildSettings = {
				ALWAYS_SEARCH_USER_PATHS = NO;
				CLANG_ANALYZER_NONNULL = YES;
				CLANG_ANALYZER_NUMBER_OBJECT_CONVERSION = YES_AGGRESSIVE;
				CLANG_CXX_LANGUAGE_STANDARD = "gnu++14";
				CLANG_CXX_LIBRARY = "libc++";
				CLANG_ENABLE_MODULES = YES;
				CLANG_ENABLE_OBJC_ARC = YES;
				CLANG_ENABLE_OBJC_WEAK = YES;
				CLANG_WARN_BLOCK_CAPTURE_AUTORELEASING = YES;
				CLANG_WARN_BOOL_CONVERSION = YES;
				CLANG_WARN_COMMA = YES;
				CLANG_WARN_CONSTANT_CONVERSION = YES;
				CLANG_WARN_DEPRECATED_OBJC_IMPLEMENTATIONS = YES;
				CLANG_WARN_DIRECT_OBJC_ISA_USAGE = YES_ERROR;
				CLANG_WARN_DOCUMENTATION_COMMENTS = YES;
				CLANG_WARN_EMPTY_BODY = YES;
				CLANG_WARN_ENUM_CONVERSION = YES;
				CLANG_WARN_INFINITE_RECURSION = YES;
				CLANG_WARN_INT_CONVERSION = YES;
				CLANG_WARN_NON_LITERAL_NULL_CONVERSION = YES;
				CLANG_WARN_OBJC_IMPLICIT_RETAIN_SELF = YES;
				CLANG_WARN_OBJC_LITERAL_CONVERSION = YES;
				CLANG_WARN_OBJC_ROOT_CLASS = YES_ERROR;
				CLANG_WARN_QUOTED_INCLUDE_IN_FRAMEWORK_HEADER = YES;
				CLANG_WARN_RANGE_LOOP_ANALYSIS = YES;
				CLANG_WARN_STRICT_PROTOTYPES = YES;
				CLANG_WARN_SUSPICIOUS_MOVE = YES;
				CLANG_WARN_UNGUARDED_AVAILABILITY = YES_AGGRESSIVE;
				CLANG_WARN_UNREACHABLE_CODE = YES;
				CLANG_WARN__DUPLICATE_METHOD_MATCH = YES;
				COPY_PHASE_STRIP = NO;
				DEBUG_INFORMATION_FORMAT = dwarf;
				ENABLE_STRICT_OBJC_MSGSEND = YES;
				ENABLE_TESTABILITY = YES;
				GCC_C_LANGUAGE_STANDARD = gnu11;
				GCC_DYNAMIC_NO_PIC = NO;
				GCC_NO_COMMON_BLOCKS = YES;
				GCC_OPTIMIZATION_LEVEL = 0;
				GCC_PREPROCESSOR_DEFINITIONS = (
					"DEBUG=1",
					"$(inherited)",
				);
				GCC_WARN_64_TO_32_BIT_CONVERSION = YES;
				GCC_WARN_ABOUT_RETURN_TYPE = YES_ERROR;
				GCC_WARN_UNDECLARED_SELECTOR = YES;
				GCC_WARN_UNINITIALIZED_AUTOS = YES_AGGRESSIVE;
				GCC_WARN_UNUSED_FUNCTION = YES;
				GCC_WARN_UNUSED_VARIABLE = YES;
				MTL_ENABLE_DEBUG_INFO = INCLUDE_SOURCE;
				MTL_FAST_MATH = YES;
				ONLY_ACTIVE_ARCH = YES;
				SWIFT_ACTIVE_COMPILATION_CONDITIONS = DEBUG;
				SWIFT_OPTIMIZATION_LEVEL = "-Onone";
			};
			name = Debug;
		};
		63E5E9152646C3600039BCBE /* Release */ = {
			isa = XCBuildConfiguration;
			buildSettings = {
				ALWAYS_SEARCH_USER_PATHS = NO;
				CLANG_ANALYZER_NONNULL = YES;
				CLANG_ANALYZER_NUMBER_OBJECT_CONVERSION = YES_AGGRESSIVE;
				CLANG_CXX_LANGUAGE_STANDARD = "gnu++14";
				CLANG_CXX_LIBRARY = "libc++";
				CLANG_ENABLE_MODULES = YES;
				CLANG_ENABLE_OBJC_ARC = YES;
				CLANG_ENABLE_OBJC_WEAK = YES;
				CLANG_WARN_BLOCK_CAPTURE_AUTORELEASING = YES;
				CLANG_WARN_BOOL_CONVERSION = YES;
				CLANG_WARN_COMMA = YES;
				CLANG_WARN_CONSTANT_CONVERSION = YES;
				CLANG_WARN_DEPRECATED_OBJC_IMPLEMENTATIONS = YES;
				CLANG_WARN_DIRECT_OBJC_ISA_USAGE = YES_ERROR;
				CLANG_WARN_DOCUMENTATION_COMMENTS = YES;
				CLANG_WARN_EMPTY_BODY = YES;
				CLANG_WARN_ENUM_CONVERSION = YES;
				CLANG_WARN_INFINITE_RECURSION = YES;
				CLANG_WARN_INT_CONVERSION = YES;
				CLANG_WARN_NON_LITERAL_NULL_CONVERSION = YES;
				CLANG_WARN_OBJC_IMPLICIT_RETAIN_SELF = YES;
				CLANG_WARN_OBJC_LITERAL_CONVERSION = YES;
				CLANG_WARN_OBJC_ROOT_CLASS = YES_ERROR;
				CLANG_WARN_QUOTED_INCLUDE_IN_FRAMEWORK_HEADER = YES;
				CLANG_WARN_RANGE_LOOP_ANALYSIS = YES;
				CLANG_WARN_STRICT_PROTOTYPES = YES;
				CLANG_WARN_SUSPICIOUS_MOVE = YES;
				CLANG_WARN_UNGUARDED_AVAILABILITY = YES_AGGRESSIVE;
				CLANG_WARN_UNREACHABLE_CODE = YES;
				CLANG_WARN__DUPLICATE_METHOD_MATCH = YES;
				COPY_PHASE_STRIP = NO;
				DEBUG_INFORMATION_FORMAT = "dwarf-with-dsym";
				ENABLE_NS_ASSERTIONS = NO;
				ENABLE_STRICT_OBJC_MSGSEND = YES;
				GCC_C_LANGUAGE_STANDARD = gnu11;
				GCC_NO_COMMON_BLOCKS = YES;
				GCC_WARN_64_TO_32_BIT_CONVERSION = YES;
				GCC_WARN_ABOUT_RETURN_TYPE = YES_ERROR;
				GCC_WARN_UNDECLARED_SELECTOR = YES;
				GCC_WARN_UNINITIALIZED_AUTOS = YES_AGGRESSIVE;
				GCC_WARN_UNUSED_FUNCTION = YES;
				GCC_WARN_UNUSED_VARIABLE = YES;
				MTL_ENABLE_DEBUG_INFO = NO;
				MTL_FAST_MATH = YES;
				SWIFT_COMPILATION_MODE = wholemodule;
				SWIFT_OPTIMIZATION_LEVEL = "-O";
			};
			name = Release;
		};
		63E5E9172646C3600039BCBE /* Debug */ = {
			isa = XCBuildConfiguration;
			buildSettings = {
				ASSETCATALOG_COMPILER_APPICON_NAME = AppIcon;
				ASSETCATALOG_COMPILER_GLOBAL_ACCENT_COLOR_NAME = AccentColor;
				CODE_SIGN_STYLE = Automatic;
				DEVELOPMENT_TEAM = JZXFRUSM49;
				ENABLE_PREVIEWS = YES;
				INFOPLIST_FILE = iOS/Info.plist;
				IPHONEOS_DEPLOYMENT_TARGET = 14.0;
				LD_RUNPATH_SEARCH_PATHS = (
					"$(inherited)",
					"@executable_path/Frameworks",
				);
				PRODUCT_BUNDLE_IDENTIFIER = com.vcapretz.Drilly;
				PRODUCT_NAME = Drilly;
				SDKROOT = iphoneos;
				SWIFT_VERSION = 5.0;
				TARGETED_DEVICE_FAMILY = "1,2";
			};
			name = Debug;
		};
		63E5E9182646C3600039BCBE /* Release */ = {
			isa = XCBuildConfiguration;
			buildSettings = {
				ASSETCATALOG_COMPILER_APPICON_NAME = AppIcon;
				ASSETCATALOG_COMPILER_GLOBAL_ACCENT_COLOR_NAME = AccentColor;
				CODE_SIGN_STYLE = Automatic;
				DEVELOPMENT_TEAM = JZXFRUSM49;
				ENABLE_PREVIEWS = YES;
				INFOPLIST_FILE = iOS/Info.plist;
				IPHONEOS_DEPLOYMENT_TARGET = 14.0;
				LD_RUNPATH_SEARCH_PATHS = (
					"$(inherited)",
					"@executable_path/Frameworks",
				);
				PRODUCT_BUNDLE_IDENTIFIER = com.vcapretz.Drilly;
				PRODUCT_NAME = Drilly;
				SDKROOT = iphoneos;
				SWIFT_VERSION = 5.0;
				TARGETED_DEVICE_FAMILY = "1,2";
				VALIDATE_PRODUCT = YES;
			};
			name = Release;
		};
		63E5E91A2646C3600039BCBE /* Debug */ = {
			isa = XCBuildConfiguration;
			buildSettings = {
				ASSETCATALOG_COMPILER_APPICON_NAME = AppIcon;
				ASSETCATALOG_COMPILER_GLOBAL_ACCENT_COLOR_NAME = AccentColor;
				CODE_SIGN_ENTITLEMENTS = macOS/macOS.entitlements;
				CODE_SIGN_STYLE = Automatic;
				COMBINE_HIDPI_IMAGES = YES;
				DEVELOPMENT_TEAM = JZXFRUSM49;
				ENABLE_HARDENED_RUNTIME = YES;
				ENABLE_PREVIEWS = YES;
				INFOPLIST_FILE = macOS/Info.plist;
				LD_RUNPATH_SEARCH_PATHS = (
					"$(inherited)",
					"@executable_path/../Frameworks",
				);
				MACOSX_DEPLOYMENT_TARGET = 11.0;
				PRODUCT_BUNDLE_IDENTIFIER = com.vcapretz.Drilly;
				PRODUCT_NAME = Drilly;
				SDKROOT = macosx;
				SWIFT_VERSION = 5.0;
			};
			name = Debug;
		};
		63E5E91B2646C3600039BCBE /* Release */ = {
			isa = XCBuildConfiguration;
			buildSettings = {
				ASSETCATALOG_COMPILER_APPICON_NAME = AppIcon;
				ASSETCATALOG_COMPILER_GLOBAL_ACCENT_COLOR_NAME = AccentColor;
				CODE_SIGN_ENTITLEMENTS = macOS/macOS.entitlements;
				CODE_SIGN_STYLE = Automatic;
				COMBINE_HIDPI_IMAGES = YES;
				DEVELOPMENT_TEAM = JZXFRUSM49;
				ENABLE_HARDENED_RUNTIME = YES;
				ENABLE_PREVIEWS = YES;
				INFOPLIST_FILE = macOS/Info.plist;
				LD_RUNPATH_SEARCH_PATHS = (
					"$(inherited)",
					"@executable_path/../Frameworks",
				);
				MACOSX_DEPLOYMENT_TARGET = 11.0;
				PRODUCT_BUNDLE_IDENTIFIER = com.vcapretz.Drilly;
				PRODUCT_NAME = Drilly;
				SDKROOT = macosx;
				SWIFT_VERSION = 5.0;
			};
			name = Release;
		};
		63E5E91D2646C3600039BCBE /* Debug */ = {
			isa = XCBuildConfiguration;
			buildSettings = {
				ALWAYS_EMBED_SWIFT_STANDARD_LIBRARIES = YES;
				CODE_SIGN_STYLE = Automatic;
				DEVELOPMENT_TEAM = JZXFRUSM49;
				INFOPLIST_FILE = "Tests iOS/Info.plist";
				IPHONEOS_DEPLOYMENT_TARGET = 14.5;
				LD_RUNPATH_SEARCH_PATHS = (
					"$(inherited)",
					"@executable_path/Frameworks",
					"@loader_path/Frameworks",
				);
				PRODUCT_BUNDLE_IDENTIFIER = "com.vcapretz.Tests-iOS";
				PRODUCT_NAME = "$(TARGET_NAME)";
				SDKROOT = iphoneos;
				SWIFT_VERSION = 5.0;
				TARGETED_DEVICE_FAMILY = "1,2";
				TEST_TARGET_NAME = "Drilly (iOS)";
			};
			name = Debug;
		};
		63E5E91E2646C3600039BCBE /* Release */ = {
			isa = XCBuildConfiguration;
			buildSettings = {
				ALWAYS_EMBED_SWIFT_STANDARD_LIBRARIES = YES;
				CODE_SIGN_STYLE = Automatic;
				DEVELOPMENT_TEAM = JZXFRUSM49;
				INFOPLIST_FILE = "Tests iOS/Info.plist";
				IPHONEOS_DEPLOYMENT_TARGET = 14.5;
				LD_RUNPATH_SEARCH_PATHS = (
					"$(inherited)",
					"@executable_path/Frameworks",
					"@loader_path/Frameworks",
				);
				PRODUCT_BUNDLE_IDENTIFIER = "com.vcapretz.Tests-iOS";
				PRODUCT_NAME = "$(TARGET_NAME)";
				SDKROOT = iphoneos;
				SWIFT_VERSION = 5.0;
				TARGETED_DEVICE_FAMILY = "1,2";
				TEST_TARGET_NAME = "Drilly (iOS)";
				VALIDATE_PRODUCT = YES;
			};
			name = Release;
		};
		63E5E9202646C3600039BCBE /* Debug */ = {
			isa = XCBuildConfiguration;
			buildSettings = {
				ALWAYS_EMBED_SWIFT_STANDARD_LIBRARIES = YES;
				CODE_SIGN_STYLE = Automatic;
				COMBINE_HIDPI_IMAGES = YES;
				DEVELOPMENT_TEAM = JZXFRUSM49;
				INFOPLIST_FILE = "Tests macOS/Info.plist";
				LD_RUNPATH_SEARCH_PATHS = (
					"$(inherited)",
					"@executable_path/../Frameworks",
					"@loader_path/../Frameworks",
				);
				MACOSX_DEPLOYMENT_TARGET = 11.2;
				PRODUCT_BUNDLE_IDENTIFIER = "com.vcapretz.Tests-macOS";
				PRODUCT_NAME = "$(TARGET_NAME)";
				SDKROOT = macosx;
				SWIFT_VERSION = 5.0;
				TEST_TARGET_NAME = "Drilly (macOS)";
			};
			name = Debug;
		};
		63E5E9212646C3600039BCBE /* Release */ = {
			isa = XCBuildConfiguration;
			buildSettings = {
				ALWAYS_EMBED_SWIFT_STANDARD_LIBRARIES = YES;
				CODE_SIGN_STYLE = Automatic;
				COMBINE_HIDPI_IMAGES = YES;
				DEVELOPMENT_TEAM = JZXFRUSM49;
				INFOPLIST_FILE = "Tests macOS/Info.plist";
				LD_RUNPATH_SEARCH_PATHS = (
					"$(inherited)",
					"@executable_path/../Frameworks",
					"@loader_path/../Frameworks",
				);
				MACOSX_DEPLOYMENT_TARGET = 11.2;
				PRODUCT_BUNDLE_IDENTIFIER = "com.vcapretz.Tests-macOS";
				PRODUCT_NAME = "$(TARGET_NAME)";
				SDKROOT = macosx;
				SWIFT_VERSION = 5.0;
				TEST_TARGET_NAME = "Drilly (macOS)";
			};
			name = Release;
		};
/* End XCBuildConfiguration section */

/* Begin XCConfigurationList section */
		63E5E8E32646C35F0039BCBE /* Build configuration list for PBXProject "Drilly" */ = {
			isa = XCConfigurationList;
			buildConfigurations = (
				63E5E9142646C3600039BCBE /* Debug */,
				63E5E9152646C3600039BCBE /* Release */,
			);
			defaultConfigurationIsVisible = 0;
			defaultConfigurationName = Release;
		};
		63E5E9162646C3600039BCBE /* Build configuration list for PBXNativeTarget "Drilly (iOS)" */ = {
			isa = XCConfigurationList;
			buildConfigurations = (
				63E5E9172646C3600039BCBE /* Debug */,
				63E5E9182646C3600039BCBE /* Release */,
			);
			defaultConfigurationIsVisible = 0;
			defaultConfigurationName = Release;
		};
		63E5E9192646C3600039BCBE /* Build configuration list for PBXNativeTarget "Drilly (macOS)" */ = {
			isa = XCConfigurationList;
			buildConfigurations = (
				63E5E91A2646C3600039BCBE /* Debug */,
				63E5E91B2646C3600039BCBE /* Release */,
			);
			defaultConfigurationIsVisible = 0;
			defaultConfigurationName = Release;
		};
		63E5E91C2646C3600039BCBE /* Build configuration list for PBXNativeTarget "Tests iOS" */ = {
			isa = XCConfigurationList;
			buildConfigurations = (
				63E5E91D2646C3600039BCBE /* Debug */,
				63E5E91E2646C3600039BCBE /* Release */,
			);
			defaultConfigurationIsVisible = 0;
			defaultConfigurationName = Release;
		};
		63E5E91F2646C3600039BCBE /* Build configuration list for PBXNativeTarget "Tests macOS" */ = {
			isa = XCConfigurationList;
			buildConfigurations = (
				63E5E9202646C3600039BCBE /* Debug */,
				63E5E9212646C3600039BCBE /* Release */,
			);
			defaultConfigurationIsVisible = 0;
			defaultConfigurationName = Release;
		};
/* End XCConfigurationList section */
	};
	rootObject = 63E5E8E02646C35F0039BCBE /* Project object */;
}
